
Microsoft Visual Studio Solution File, Format Version 12.00
# Visual Studio 14
VisualStudioVersion = 14.0.25420.1
MinimumVisualStudioVersion = 10.0.40219.1
Project("{FAE04EC0-301F-11D3-BF4B-00C04F79EFBC}") = "WebAppNumberToWords", "WebAppNumberToWords\WebAppNumberToWords.csproj", "{869F3931-14D5-4D2B-8C45-C704AEC97571}"
EndProject
Project("{FAE04EC0-301F-11D3-BF4B-00C04F79EFBC}") = "WebAppNumberToWords.Tests", "WebAppNumberToWords.Tests\WebAppNumberToWords.Tests.csproj", "{2B1C9FE2-EBD8-47B1-83D4-84907C9FE214}"
	ProjectSection(ProjectDependencies) = postProject
		{D2719F76-71AA-4772-8822-D8AC802AB467} = {D2719F76-71AA-4772-8822-D8AC802AB467}
	EndProjectSection
EndProject
Project("{FAE04EC0-301F-11D3-BF4B-00C04F79EFBC}") = "WcfServiceNumberToWords", "WcfServiceNumberToWords\WcfServiceNumberToWords.csproj", "{D2719F76-71AA-4772-8822-D8AC802AB467}"
EndProject
Global
	GlobalSection(SolutionConfigurationPlatforms) = preSolution
		Debug|Any CPU = Debug|Any CPU
		Release|Any CPU = Release|Any CPU
	EndGlobalSection
	GlobalSection(ProjectConfigurationPlatforms) = postSolution
		{869F3931-14D5-4D2B-8C45-C704AEC97571}.Debug|Any CPU.ActiveCfg = Debug|Any CPU
		{869F3931-14D5-4D2B-8C45-C704AEC97571}.Debug|Any CPU.Build.0 = Debug|Any CPU
		{869F3931-14D5-4D2B-8C45-C704AEC97571}.Release|Any CPU.ActiveCfg = Release|Any CPU
		{869F3931-14D5-4D2B-8C45-C704AEC97571}.Release|Any CPU.Build.0 = Release|Any CPU
		{2B1C9FE2-EBD8-47B1-83D4-84907C9FE214}.Debug|Any CPU.ActiveCfg = Debug|Any CPU
		{2B1C9FE2-EBD8-47B1-83D4-84907C9FE214}.Debug|Any CPU.Build.0 = Debug|Any CPU
		{2B1C9FE2-EBD8-47B1-83D4-84907C9FE214}.Release|Any CPU.ActiveCfg = Release|Any CPU
		{2B1C9FE2-EBD8-47B1-83D4-84907C9FE214}.Release|Any CPU.Build.0 = Release|Any CPU
		{D2719F76-71AA-4772-8822-D8AC802AB467}.Debug|Any CPU.ActiveCfg = Debug|Any CPU
		{D2719F76-71AA-4772-8822-D8AC802AB467}.Debug|Any CPU.Build.0 = Debug|Any CPU
		{D2719F76-71AA-4772-8822-D8AC802AB467}.Release|Any CPU.ActiveCfg = Release|Any CPU
		{D2719F76-71AA-4772-8822-D8AC802AB467}.Release|Any CPU.Build.0 = Release|Any CPU
	EndGlobalSection
	GlobalSection(SolutionProperties) = preSolution
		HideSolutionNode = FALSE
	EndGlobalSection
EndGlobal
